
Microsoft Visual Studio Solution File, Format Version 12.00
# Visual Studio 15
VisualStudioVersion = 15.0.26228.4
MinimumVisualStudioVersion = 10.0.40219.1
Project("{9A19103F-16F7-4668-BE54-9A1E7A4F7556}") = "WebApp", "samples\WebApp\WebApp.csproj", "{CEA860D0-087D-4110-BC09-279BC2C80392}"
EndProject
Project("{9A19103F-16F7-4668-BE54-9A1E7A4F7556}") = "Blogifier.Core", "src\Blogifier.Core\Blogifier.Core.csproj", "{DB627B64-B1CE-46DA-90A8-144F6CAA60D4}"
EndProject
Project("{2150E333-8FDC-42A3-9474-1A3956D46DE8}") = "Solution Items", "Solution Items", "{DB7E99A8-2A8A-4B33-B23C-1F1FA6DF7908}"
	ProjectSection(SolutionItems) = preProject
		.gitignore = .gitignore
		README.md = README.md
	EndProjectSection
EndProject
Project("{9A19103F-16F7-4668-BE54-9A1E7A4F7556}") = "Blogifier.Test", "tests\Blogifier.Test\Blogifier.Test.csproj", "{D7ABFDEF-036A-4ACA-B898-F0D93D12B989}"
EndProject
Global
	GlobalSection(SolutionConfigurationPlatforms) = preSolution
		Debug|Any CPU = Debug|Any CPU
		Release|Any CPU = Release|Any CPU
	EndGlobalSection
	GlobalSection(ProjectConfigurationPlatforms) = postSolution
		{CEA860D0-087D-4110-BC09-279BC2C80392}.Debug|Any CPU.ActiveCfg = Debug|Any CPU
		{CEA860D0-087D-4110-BC09-279BC2C80392}.Debug|Any CPU.Build.0 = Debug|Any CPU
		{CEA860D0-087D-4110-BC09-279BC2C80392}.Release|Any CPU.ActiveCfg = Release|Any CPU
		{CEA860D0-087D-4110-BC09-279BC2C80392}.Release|Any CPU.Build.0 = Release|Any CPU
		{DB627B64-B1CE-46DA-90A8-144F6CAA60D4}.Debug|Any CPU.ActiveCfg = Debug|Any CPU
		{DB627B64-B1CE-46DA-90A8-144F6CAA60D4}.Debug|Any CPU.Build.0 = Debug|Any CPU
		{DB627B64-B1CE-46DA-90A8-144F6CAA60D4}.Release|Any CPU.ActiveCfg = Release|Any CPU
		{DB627B64-B1CE-46DA-90A8-144F6CAA60D4}.Release|Any CPU.Build.0 = Release|Any CPU
		{D7ABFDEF-036A-4ACA-B898-F0D93D12B989}.Debug|Any CPU.ActiveCfg = Debug|Any CPU
		{D7ABFDEF-036A-4ACA-B898-F0D93D12B989}.Debug|Any CPU.Build.0 = Debug|Any CPU
		{D7ABFDEF-036A-4ACA-B898-F0D93D12B989}.Release|Any CPU.ActiveCfg = Release|Any CPU
		{D7ABFDEF-036A-4ACA-B898-F0D93D12B989}.Release|Any CPU.Build.0 = Release|Any CPU
	EndGlobalSection
	GlobalSection(SolutionProperties) = preSolution
		HideSolutionNode = FALSE
	EndGlobalSection
EndGlobal
