
Microsoft Visual Studio Solution File, Format Version 12.00
# Visual Studio 15
VisualStudioVersion = 15.0.27428.2011
MinimumVisualStudioVersion = 10.0.40219.1
Project("{2150E333-8FDC-42A3-9474-1A3956D46DE8}") = "Solution Items", "Solution Items", "{4E0164ED-2249-4973-B3FD-180172EBCD0A}"
	ProjectSection(SolutionItems) = preProject
		README.md = README.md
	EndProjectSection
EndProject
Project("{2150E333-8FDC-42A3-9474-1A3956D46DE8}") = "tests", "tests", "{A720BC3C-C526-4C18-9B8D-4A885BB03CE9}"
EndProject
Project("{9A19103F-16F7-4668-BE54-9A1E7A4F7556}") = "Core.Tests", "tests\Core.Tests\Core.Tests.csproj", "{4A3F7E34-5D42-45E1-AF62-D6B2691D0BC7}"
EndProject
Project("{2150E333-8FDC-42A3-9474-1A3956D46DE8}") = "src", "src", "{39614650-0D6E-4502-B87D-184366060F59}"
EndProject
Project("{9A19103F-16F7-4668-BE54-9A1E7A4F7556}") = "Core", "src\Core\Core.csproj", "{88490336-DB30-4F9D-B737-3CA993F4EDC0}"
EndProject
Project("{9A19103F-16F7-4668-BE54-9A1E7A4F7556}") = "App", "src\App\App.csproj", "{920B80AA-983C-46ED-8A19-8DC43C839237}"
EndProject
Project("{2150E333-8FDC-42A3-9474-1A3956D46DE8}") = "plugins", "plugins", "{57BDF133-7290-40EA-8503-1BFCBBEEBB3A}"
EndProject
Project("{9A19103F-16F7-4668-BE54-9A1E7A4F7556}") = "Common", "plugins\Common\Common.csproj", "{1CBAC56F-3CFB-497A-86B0-9F49CCFC78DB}"
EndProject
Project("{2150E333-8FDC-42A3-9474-1A3956D46DE8}") = "docs", "docs", "{6015AFDB-988C-4A2A-8B86-EB0895E0732E}"
	ProjectSection(SolutionItems) = preProject
		docs\AppSettings.md = docs\AppSettings.md
		docs\CustomThemes.md = docs\CustomThemes.md
		docs\Disqus.md = docs\Disqus.md
		docs\Import.md = docs\Import.md
		docs\Notifications.md = docs\Notifications.md
		docs\SqlServer.md = docs\SqlServer.md
		docs\VideoAudio.md = docs\VideoAudio.md
	EndProjectSection
EndProject
Global
	GlobalSection(SolutionConfigurationPlatforms) = preSolution
		Debug|Any CPU = Debug|Any CPU
		Release|Any CPU = Release|Any CPU
	EndGlobalSection
	GlobalSection(ProjectConfigurationPlatforms) = postSolution
		{4A3F7E34-5D42-45E1-AF62-D6B2691D0BC7}.Debug|Any CPU.ActiveCfg = Debug|Any CPU
		{4A3F7E34-5D42-45E1-AF62-D6B2691D0BC7}.Debug|Any CPU.Build.0 = Debug|Any CPU
		{4A3F7E34-5D42-45E1-AF62-D6B2691D0BC7}.Release|Any CPU.ActiveCfg = Release|Any CPU
		{4A3F7E34-5D42-45E1-AF62-D6B2691D0BC7}.Release|Any CPU.Build.0 = Release|Any CPU
		{88490336-DB30-4F9D-B737-3CA993F4EDC0}.Debug|Any CPU.ActiveCfg = Debug|Any CPU
		{88490336-DB30-4F9D-B737-3CA993F4EDC0}.Debug|Any CPU.Build.0 = Debug|Any CPU
		{88490336-DB30-4F9D-B737-3CA993F4EDC0}.Release|Any CPU.ActiveCfg = Release|Any CPU
		{88490336-DB30-4F9D-B737-3CA993F4EDC0}.Release|Any CPU.Build.0 = Release|Any CPU
		{920B80AA-983C-46ED-8A19-8DC43C839237}.Debug|Any CPU.ActiveCfg = Debug|Any CPU
		{920B80AA-983C-46ED-8A19-8DC43C839237}.Debug|Any CPU.Build.0 = Debug|Any CPU
		{920B80AA-983C-46ED-8A19-8DC43C839237}.Release|Any CPU.ActiveCfg = Release|Any CPU
		{920B80AA-983C-46ED-8A19-8DC43C839237}.Release|Any CPU.Build.0 = Release|Any CPU
		{1CBAC56F-3CFB-497A-86B0-9F49CCFC78DB}.Debug|Any CPU.ActiveCfg = Debug|Any CPU
		{1CBAC56F-3CFB-497A-86B0-9F49CCFC78DB}.Debug|Any CPU.Build.0 = Debug|Any CPU
		{1CBAC56F-3CFB-497A-86B0-9F49CCFC78DB}.Release|Any CPU.ActiveCfg = Release|Any CPU
		{1CBAC56F-3CFB-497A-86B0-9F49CCFC78DB}.Release|Any CPU.Build.0 = Release|Any CPU
	EndGlobalSection
	GlobalSection(SolutionProperties) = preSolution
		HideSolutionNode = FALSE
	EndGlobalSection
	GlobalSection(NestedProjects) = preSolution
		{4A3F7E34-5D42-45E1-AF62-D6B2691D0BC7} = {A720BC3C-C526-4C18-9B8D-4A885BB03CE9}
		{88490336-DB30-4F9D-B737-3CA993F4EDC0} = {39614650-0D6E-4502-B87D-184366060F59}
		{920B80AA-983C-46ED-8A19-8DC43C839237} = {39614650-0D6E-4502-B87D-184366060F59}
		{1CBAC56F-3CFB-497A-86B0-9F49CCFC78DB} = {57BDF133-7290-40EA-8503-1BFCBBEEBB3A}
	EndGlobalSection
	GlobalSection(ExtensibilityGlobals) = postSolution
		SolutionGuid = {D601BCCC-A1D9-415B-94B5-B3C0EF4AAF0B}
	EndGlobalSection
EndGlobal
